
Microsoft Visual Studio Solution File, Format Version 12.00
# Visual Studio Version 17
VisualStudioVersion = 17.10.35013.160
MinimumVisualStudioVersion = 10.0.40219.1
Project("{9A19103F-16F7-4668-BE54-9A1E7A4F7556}") = "ExoTUI", "ExoTUI\ExoTUI.csproj", "{0C70C5FE-2CA6-4BB8-AD4B-E0EE4619A9D9}"
EndProject
Global
	GlobalSection(SolutionConfigurationPlatforms) = preSolution
		Debug|Any CPU = Debug|Any CPU
		Release|Any CPU = Release|Any CPU
	EndGlobalSection
	GlobalSection(ProjectConfigurationPlatforms) = postSolution
		{0C70C5FE-2CA6-4BB8-AD4B-E0EE4619A9D9}.Debug|Any CPU.ActiveCfg = Debug|Any CPU
		{0C70C5FE-2CA6-4BB8-AD4B-E0EE4619A9D9}.Debug|Any CPU.Build.0 = Debug|Any CPU
		{0C70C5FE-2CA6-4BB8-AD4B-E0EE4619A9D9}.Release|Any CPU.ActiveCfg = Release|Any CPU
		{0C70C5FE-2CA6-4BB8-AD4B-E0EE4619A9D9}.Release|Any CPU.Build.0 = Release|Any CPU
	EndGlobalSection
	GlobalSection(SolutionProperties) = preSolution
		HideSolutionNode = FALSE
	EndGlobalSection
	GlobalSection(ExtensibilityGlobals) = postSolution
		SolutionGuid = {F2F2CDB1-2F3D-418B-B2FA-6FBE0F775D1F}
	EndGlobalSection
EndGlobal
